
Microsoft Visual Studio Solution File, Format Version 12.00
# Visual Studio 15
VisualStudioVersion = 15.0.28307.271
MinimumVisualStudioVersion = 10.0.40219.1
Project("{FAE04EC0-301F-11D3-BF4B-00C04F79EFBC}") = "RePKG", "RePKG\RePKG.csproj", "{A014E252-FB25-4388-B17A-8DD1956B2093}"
EndProject
Project("{FAE04EC0-301F-11D3-BF4B-00C04F79EFBC}") = "RePKG.Tests", "RePKG.Tests\RePKG.Tests.csproj", "{00DDEB73-18AF-463B-BEDC-7BA3DCBFA223}"
EndProject
Project("{FAE04EC0-301F-11D3-BF4B-00C04F79EFBC}") = "RePKG.Core", "RePKG.Core\RePKG.Core.csproj", "{43CFFA8A-BDB4-4A09-9D07-95FA09CCCEC9}"
EndProject
Project("{FAE04EC0-301F-11D3-BF4B-00C04F79EFBC}") = "RePKG.Application", "RePKG.Application\RePKG.Application.csproj", "{DDFFD8D1-3961-4F1B-B778-1CAC5622AA19}"
EndProject
Global
	GlobalSection(SolutionConfigurationPlatforms) = preSolution
		Debug|Any CPU = Debug|Any CPU
		Release|Any CPU = Release|Any CPU
	EndGlobalSection
	GlobalSection(ProjectConfigurationPlatforms) = postSolution
		{A014E252-FB25-4388-B17A-8DD1956B2093}.Debug|Any CPU.ActiveCfg = Debug|Any CPU
		{A014E252-FB25-4388-B17A-8DD1956B2093}.Debug|Any CPU.Build.0 = Debug|Any CPU
		{A014E252-FB25-4388-B17A-8DD1956B2093}.Release|Any CPU.ActiveCfg = Release|Any CPU
		{A014E252-FB25-4388-B17A-8DD1956B2093}.Release|Any CPU.Build.0 = Release|Any CPU
		{00DDEB73-18AF-463B-BEDC-7BA3DCBFA223}.Debug|Any CPU.ActiveCfg = Debug|Any CPU
		{00DDEB73-18AF-463B-BEDC-7BA3DCBFA223}.Debug|Any CPU.Build.0 = Debug|Any CPU
		{00DDEB73-18AF-463B-BEDC-7BA3DCBFA223}.Release|Any CPU.ActiveCfg = Release|Any CPU
		{00DDEB73-18AF-463B-BEDC-7BA3DCBFA223}.Release|Any CPU.Build.0 = Release|Any CPU
		{43CFFA8A-BDB4-4A09-9D07-95FA09CCCEC9}.Debug|Any CPU.ActiveCfg = Debug|Any CPU
		{43CFFA8A-BDB4-4A09-9D07-95FA09CCCEC9}.Debug|Any CPU.Build.0 = Debug|Any CPU
		{43CFFA8A-BDB4-4A09-9D07-95FA09CCCEC9}.Release|Any CPU.ActiveCfg = Release|Any CPU
		{43CFFA8A-BDB4-4A09-9D07-95FA09CCCEC9}.Release|Any CPU.Build.0 = Release|Any CPU
		{DDFFD8D1-3961-4F1B-B778-1CAC5622AA19}.Debug|Any CPU.ActiveCfg = Debug|Any CPU
		{DDFFD8D1-3961-4F1B-B778-1CAC5622AA19}.Debug|Any CPU.Build.0 = Debug|Any CPU
		{DDFFD8D1-3961-4F1B-B778-1CAC5622AA19}.Release|Any CPU.ActiveCfg = Release|Any CPU
		{DDFFD8D1-3961-4F1B-B778-1CAC5622AA19}.Release|Any CPU.Build.0 = Release|Any CPU
	EndGlobalSection
	GlobalSection(SolutionProperties) = preSolution
		HideSolutionNode = FALSE
	EndGlobalSection
	GlobalSection(ExtensibilityGlobals) = postSolution
		SolutionGuid = {6B20EA40-8A64-4322-911F-56D09593E7E2}
	EndGlobalSection
EndGlobal
